
Microsoft Visual Studio Solution File, Format Version 12.00
# Visual Studio Version 16
VisualStudioVersion = 16.0.29926.136
MinimumVisualStudioVersion = 10.0.40219.1
Project("{FAE04EC0-301F-11D3-BF4B-00C04F79EFBC}") = "MobileShop.Core", "MobileShop.Core\MobileShop.Core.csproj", "{048C67F2-569F-431B-AE22-1E59FAE61D68}"
EndProject
Project("{FAE04EC0-301F-11D3-BF4B-00C04F79EFBC}") = "MobileShop.Services", "MobileShop.Services\MobileShop.Services.csproj", "{6D58553A-EDE7-4BB3-9229-44B0253BCB86}"
EndProject
Project("{FAE04EC0-301F-11D3-BF4B-00C04F79EFBC}") = "MobileShop.DataAccess.SQL", "MobileShop.DataAccess.SQL\MobileShop.DataAccess.SQL.csproj", "{E7D3065F-E82F-455B-ACE2-2AB907D3BDF5}"
EndProject
Project("{FAE04EC0-301F-11D3-BF4B-00C04F79EFBC}") = "MobileShop.WebUI", "MobileShop.WebUI\MobileShop.WebUI.csproj", "{890B8C68-A2D1-4061-9E10-EA301959D7A4}"
EndProject
Project("{FAE04EC0-301F-11D3-BF4B-00C04F79EFBC}") = "MobileShop.DataAccess.InMemory", "MobileShop.DataAccess.InMemory\MobileShop.DataAccess.InMemory.csproj", "{453DF7D2-73BD-48F2-B53D-3109F6504BFB}"
EndProject
Global
	GlobalSection(SolutionConfigurationPlatforms) = preSolution
		Debug|Any CPU = Debug|Any CPU
		Release|Any CPU = Release|Any CPU
	EndGlobalSection
	GlobalSection(ProjectConfigurationPlatforms) = postSolution
		{048C67F2-569F-431B-AE22-1E59FAE61D68}.Debug|Any CPU.ActiveCfg = Debug|Any CPU
		{048C67F2-569F-431B-AE22-1E59FAE61D68}.Debug|Any CPU.Build.0 = Debug|Any CPU
		{048C67F2-569F-431B-AE22-1E59FAE61D68}.Release|Any CPU.ActiveCfg = Release|Any CPU
		{048C67F2-569F-431B-AE22-1E59FAE61D68}.Release|Any CPU.Build.0 = Release|Any CPU
		{6D58553A-EDE7-4BB3-9229-44B0253BCB86}.Debug|Any CPU.ActiveCfg = Debug|Any CPU
		{6D58553A-EDE7-4BB3-9229-44B0253BCB86}.Debug|Any CPU.Build.0 = Debug|Any CPU
		{6D58553A-EDE7-4BB3-9229-44B0253BCB86}.Release|Any CPU.ActiveCfg = Release|Any CPU
		{6D58553A-EDE7-4BB3-9229-44B0253BCB86}.Release|Any CPU.Build.0 = Release|Any CPU
		{E7D3065F-E82F-455B-ACE2-2AB907D3BDF5}.Debug|Any CPU.ActiveCfg = Debug|Any CPU
		{E7D3065F-E82F-455B-ACE2-2AB907D3BDF5}.Debug|Any CPU.Build.0 = Debug|Any CPU
		{E7D3065F-E82F-455B-ACE2-2AB907D3BDF5}.Release|Any CPU.ActiveCfg = Release|Any CPU
		{E7D3065F-E82F-455B-ACE2-2AB907D3BDF5}.Release|Any CPU.Build.0 = Release|Any CPU
		{890B8C68-A2D1-4061-9E10-EA301959D7A4}.Debug|Any CPU.ActiveCfg = Debug|Any CPU
		{890B8C68-A2D1-4061-9E10-EA301959D7A4}.Debug|Any CPU.Build.0 = Debug|Any CPU
		{890B8C68-A2D1-4061-9E10-EA301959D7A4}.Release|Any CPU.ActiveCfg = Release|Any CPU
		{890B8C68-A2D1-4061-9E10-EA301959D7A4}.Release|Any CPU.Build.0 = Release|Any CPU
		{453DF7D2-73BD-48F2-B53D-3109F6504BFB}.Debug|Any CPU.ActiveCfg = Debug|Any CPU
		{453DF7D2-73BD-48F2-B53D-3109F6504BFB}.Debug|Any CPU.Build.0 = Debug|Any CPU
		{453DF7D2-73BD-48F2-B53D-3109F6504BFB}.Release|Any CPU.ActiveCfg = Release|Any CPU
		{453DF7D2-73BD-48F2-B53D-3109F6504BFB}.Release|Any CPU.Build.0 = Release|Any CPU
	EndGlobalSection
	GlobalSection(SolutionProperties) = preSolution
		HideSolutionNode = FALSE
	EndGlobalSection
	GlobalSection(ExtensibilityGlobals) = postSolution
		SolutionGuid = {5E59D5FC-4CD4-45B4-B264-8F5DA9959597}
	EndGlobalSection
EndGlobal
